
Microsoft Visual Studio Solution File, Format Version 12.00
# Visual Studio Version 16
VisualStudioVersion = 16.0.29728.190
MinimumVisualStudioVersion = 10.0.40219.1
Project("{9A19103F-16F7-4668-BE54-9A1E7A4F7556}") = "Blazor.LibraryExample.Server", "Blazor.LibraryExample\Server\Blazor.LibraryExample.Server.csproj", "{47845652-51D8-47CA-AEA0-57B961896AD4}"
EndProject
Project("{9A19103F-16F7-4668-BE54-9A1E7A4F7556}") = "Blazor.LibraryExample.Client", "Blazor.LibraryExample\Client\Blazor.LibraryExample.Client.csproj", "{AF4374CE-D32E-47F1-9FC3-152EA9D0E5E6}"
EndProject
Project("{9A19103F-16F7-4668-BE54-9A1E7A4F7556}") = "Blazor.LibraryExample.Shared", "Blazor.LibraryExample\Shared\Blazor.LibraryExample.Shared.csproj", "{171342E4-D398-4F6B-9207-D0553B3B239F}"
EndProject
Project("{9A19103F-16F7-4668-BE54-9A1E7A4F7556}") = "Blazor.LibraryExample.Interop", "Blazor.LibraryExample\Blazor.LibraryExample.Interop\Blazor.LibraryExample.Interop.csproj", "{D014DDF6-28C7-41DA-A6B2-B5BC163C2B5D}"
EndProject
Project("{9A19103F-16F7-4668-BE54-9A1E7A4F7556}") = "Blazor.LibraryExample.ServerSideRendering", "Blazor.LibraryExample.ServerSideRendering\Blazor.LibraryExample.ServerSideRendering.csproj", "{4B0BA25B-68B0-44AB-905B-F747C7AAAD5E}"
EndProject
Global
	GlobalSection(SolutionConfigurationPlatforms) = preSolution
		Debug|Any CPU = Debug|Any CPU
		Release|Any CPU = Release|Any CPU
	EndGlobalSection
	GlobalSection(ProjectConfigurationPlatforms) = postSolution
		{47845652-51D8-47CA-AEA0-57B961896AD4}.Debug|Any CPU.ActiveCfg = Debug|Any CPU
		{47845652-51D8-47CA-AEA0-57B961896AD4}.Debug|Any CPU.Build.0 = Debug|Any CPU
		{47845652-51D8-47CA-AEA0-57B961896AD4}.Release|Any CPU.ActiveCfg = Release|Any CPU
		{47845652-51D8-47CA-AEA0-57B961896AD4}.Release|Any CPU.Build.0 = Release|Any CPU
		{AF4374CE-D32E-47F1-9FC3-152EA9D0E5E6}.Debug|Any CPU.ActiveCfg = Debug|Any CPU
		{AF4374CE-D32E-47F1-9FC3-152EA9D0E5E6}.Debug|Any CPU.Build.0 = Debug|Any CPU
		{AF4374CE-D32E-47F1-9FC3-152EA9D0E5E6}.Release|Any CPU.ActiveCfg = Release|Any CPU
		{AF4374CE-D32E-47F1-9FC3-152EA9D0E5E6}.Release|Any CPU.Build.0 = Release|Any CPU
		{171342E4-D398-4F6B-9207-D0553B3B239F}.Debug|Any CPU.ActiveCfg = Debug|Any CPU
		{171342E4-D398-4F6B-9207-D0553B3B239F}.Debug|Any CPU.Build.0 = Debug|Any CPU
		{171342E4-D398-4F6B-9207-D0553B3B239F}.Release|Any CPU.ActiveCfg = Release|Any CPU
		{171342E4-D398-4F6B-9207-D0553B3B239F}.Release|Any CPU.Build.0 = Release|Any CPU
		{D014DDF6-28C7-41DA-A6B2-B5BC163C2B5D}.Debug|Any CPU.ActiveCfg = Debug|Any CPU
		{D014DDF6-28C7-41DA-A6B2-B5BC163C2B5D}.Debug|Any CPU.Build.0 = Debug|Any CPU
		{D014DDF6-28C7-41DA-A6B2-B5BC163C2B5D}.Release|Any CPU.ActiveCfg = Release|Any CPU
		{D014DDF6-28C7-41DA-A6B2-B5BC163C2B5D}.Release|Any CPU.Build.0 = Release|Any CPU
		{4B0BA25B-68B0-44AB-905B-F747C7AAAD5E}.Debug|Any CPU.ActiveCfg = Debug|Any CPU
		{4B0BA25B-68B0-44AB-905B-F747C7AAAD5E}.Debug|Any CPU.Build.0 = Debug|Any CPU
		{4B0BA25B-68B0-44AB-905B-F747C7AAAD5E}.Release|Any CPU.ActiveCfg = Release|Any CPU
		{4B0BA25B-68B0-44AB-905B-F747C7AAAD5E}.Release|Any CPU.Build.0 = Release|Any CPU
	EndGlobalSection
	GlobalSection(SolutionProperties) = preSolution
		HideSolutionNode = FALSE
	EndGlobalSection
	GlobalSection(ExtensibilityGlobals) = postSolution
		SolutionGuid = {47320625-5E6F-4732-8C59-8557CE9DAD07}
	EndGlobalSection
EndGlobal
